
Microsoft Visual Studio Solution File, Format Version 12.00
Project("{2150E333-8FDC-42A3-9474-1A3956D46DE8}") = "src", "src", "{49F291CF-6CC6-4E3F-AB86-CB42EC64D13F}"
EndProject
Project("{2150E333-8FDC-42A3-9474-1A3956D46DE8}") = "tests", "tests", "{2206CA85-1740-41CA-B087-6908EBF1261B}"
EndProject
Project("{FAE04EC0-301F-11D3-BF4B-00C04F79EFBC}") = "TheVault.API", "TheVault.API\TheVault.API.csproj", "{5583E99E-685C-43CE-83D7-8C69DFA0BE74}"
EndProject
Project("{FAE04EC0-301F-11D3-BF4B-00C04F79EFBC}") = "TheVault.Domain", "TheVault.Domain\TheVault.Domain.csproj", "{AD110F7A-FA6B-4EE4-A760-725564796DEE}"
EndProject
Project("{FAE04EC0-301F-11D3-BF4B-00C04F79EFBC}") = "TheVault.Persistence", "TheVault.Persistence\TheVault.Persistence.csproj", "{052CCCF4-9321-45F2-8F12-9D447B758E10}"
EndProject
Global
	GlobalSection(SolutionConfigurationPlatforms) = preSolution
		Debug|Any CPU = Debug|Any CPU
		Release|Any CPU = Release|Any CPU
	EndGlobalSection
	GlobalSection(NestedProjects) = preSolution
		{5583E99E-685C-43CE-83D7-8C69DFA0BE74} = {49F291CF-6CC6-4E3F-AB86-CB42EC64D13F}
		{AD110F7A-FA6B-4EE4-A760-725564796DEE} = {49F291CF-6CC6-4E3F-AB86-CB42EC64D13F}
		{052CCCF4-9321-45F2-8F12-9D447B758E10} = {49F291CF-6CC6-4E3F-AB86-CB42EC64D13F}
	EndGlobalSection
	GlobalSection(ProjectConfigurationPlatforms) = postSolution
		{5583E99E-685C-43CE-83D7-8C69DFA0BE74}.Debug|Any CPU.ActiveCfg = Debug|Any CPU
		{5583E99E-685C-43CE-83D7-8C69DFA0BE74}.Debug|Any CPU.Build.0 = Debug|Any CPU
		{5583E99E-685C-43CE-83D7-8C69DFA0BE74}.Release|Any CPU.ActiveCfg = Release|Any CPU
		{5583E99E-685C-43CE-83D7-8C69DFA0BE74}.Release|Any CPU.Build.0 = Release|Any CPU
		{AD110F7A-FA6B-4EE4-A760-725564796DEE}.Debug|Any CPU.ActiveCfg = Debug|Any CPU
		{AD110F7A-FA6B-4EE4-A760-725564796DEE}.Debug|Any CPU.Build.0 = Debug|Any CPU
		{AD110F7A-FA6B-4EE4-A760-725564796DEE}.Release|Any CPU.ActiveCfg = Release|Any CPU
		{AD110F7A-FA6B-4EE4-A760-725564796DEE}.Release|Any CPU.Build.0 = Release|Any CPU
		{052CCCF4-9321-45F2-8F12-9D447B758E10}.Debug|Any CPU.ActiveCfg = Debug|Any CPU
		{052CCCF4-9321-45F2-8F12-9D447B758E10}.Debug|Any CPU.Build.0 = Debug|Any CPU
		{052CCCF4-9321-45F2-8F12-9D447B758E10}.Release|Any CPU.ActiveCfg = Release|Any CPU
		{052CCCF4-9321-45F2-8F12-9D447B758E10}.Release|Any CPU.Build.0 = Release|Any CPU
	EndGlobalSection
EndGlobal
